
Microsoft Visual Studio Solution File, Format Version 12.00
# Visual Studio Version 17
VisualStudioVersion = 17.6.33829.357
MinimumVisualStudioVersion = 10.0.40219.1
Project("{FAE04EC0-301F-11D3-BF4B-00C04F79EFBC}") = "IComparerrr", "IComparerrr\IComparerrr.csproj", "{FC4D415C-46B7-491F-8424-74A92AEC7AFA}"
EndProject
Global
	GlobalSection(SolutionConfigurationPlatforms) = preSolution
		Debug|Any CPU = Debug|Any CPU
		Release|Any CPU = Release|Any CPU
	EndGlobalSection
	GlobalSection(ProjectConfigurationPlatforms) = postSolution
		{FC4D415C-46B7-491F-8424-74A92AEC7AFA}.Debug|Any CPU.ActiveCfg = Debug|Any CPU
		{FC4D415C-46B7-491F-8424-74A92AEC7AFA}.Debug|Any CPU.Build.0 = Debug|Any CPU
		{FC4D415C-46B7-491F-8424-74A92AEC7AFA}.Release|Any CPU.ActiveCfg = Release|Any CPU
		{FC4D415C-46B7-491F-8424-74A92AEC7AFA}.Release|Any CPU.Build.0 = Release|Any CPU
	EndGlobalSection
	GlobalSection(SolutionProperties) = preSolution
		HideSolutionNode = FALSE
	EndGlobalSection
	GlobalSection(ExtensibilityGlobals) = postSolution
		SolutionGuid = {28B86E70-9350-4D3A-93B6-239DA0B258A7}
	EndGlobalSection
EndGlobal
